
Microsoft Visual Studio Solution File, Format Version 12.00
# Visual Studio Version 17
VisualStudioVersion = 17.5.33424.131
MinimumVisualStudioVersion = 10.0.40219.1
Project("{2150E333-8FDC-42A3-9474-1A3956D46DE8}") = "src", "src", "{34DA6AA9-971F-4B51-9B2B-63440D4C2741}"
EndProject
Project("{2150E333-8FDC-42A3-9474-1A3956D46DE8}") = "tests", "tests", "{EC84435A-6C19-4988-B8BB-993EBE96604B}"
EndProject
Project("{9A19103F-16F7-4668-BE54-9A1E7A4F7556}") = "Cashflow.Api", "src\Cashflow.Api\Cashflow.Api.csproj", "{723522E6-A30A-421E-86AA-A615BD85CBEB}"
EndProject
Project("{9A19103F-16F7-4668-BE54-9A1E7A4F7556}") = "CashFlow.Domain", "src\CashFlow.Domain\CashFlow.Domain.csproj", "{9679B052-4EAE-4A3B-A006-247EBE9BA0FA}"
EndProject
Project("{9A19103F-16F7-4668-BE54-9A1E7A4F7556}") = "CashFlow.Application", "CashFlow.Application\CashFlow.Application.csproj", "{4117788D-40E3-49D2-8489-9B4371BE1D51}"
EndProject
Project("{9A19103F-16F7-4668-BE54-9A1E7A4F7556}") = "Cashflow.Communication", "src\Cashflow.Communication\Cashflow.Communication.csproj", "{94103736-9B73-4B88-97C3-F623583CA1F9}"
EndProject
Project("{9A19103F-16F7-4668-BE54-9A1E7A4F7556}") = "CashFlow.Exception", "src\CashFlow.Exception\CashFlow.Exception.csproj", "{4D4AF543-026D-4B39-9E84-954721AD159B}"
EndProject
Project("{9A19103F-16F7-4668-BE54-9A1E7A4F7556}") = "CashFlow.Infrastructure", "src\CashFlow.Infrastructure\CashFlow.Infrastructure.csproj", "{B2AF1CF2-946D-42E0-B64C-8C62FD0F4EB7}"
EndProject
Project("{9A19103F-16F7-4668-BE54-9A1E7A4F7556}") = "Validators.Tests", "tests\Validators.Tests\Validators.Tests.csproj", "{0B6BF25A-41B5-40C1-9C0F-CF0ECE8F5D7C}"
EndProject
Project("{9A19103F-16F7-4668-BE54-9A1E7A4F7556}") = "CommonTestUtilities", "tests\CommonTestUtilities\CommonTestUtilities.csproj", "{01BA8A66-2511-4373-8513-184E9772122F}"
EndProject
Global
	GlobalSection(SolutionConfigurationPlatforms) = preSolution
		Debug|Any CPU = Debug|Any CPU
		Release|Any CPU = Release|Any CPU
	EndGlobalSection
	GlobalSection(ProjectConfigurationPlatforms) = postSolution
		{723522E6-A30A-421E-86AA-A615BD85CBEB}.Debug|Any CPU.ActiveCfg = Debug|Any CPU
		{723522E6-A30A-421E-86AA-A615BD85CBEB}.Debug|Any CPU.Build.0 = Debug|Any CPU
		{723522E6-A30A-421E-86AA-A615BD85CBEB}.Release|Any CPU.ActiveCfg = Release|Any CPU
		{723522E6-A30A-421E-86AA-A615BD85CBEB}.Release|Any CPU.Build.0 = Release|Any CPU
		{9679B052-4EAE-4A3B-A006-247EBE9BA0FA}.Debug|Any CPU.ActiveCfg = Debug|Any CPU
		{9679B052-4EAE-4A3B-A006-247EBE9BA0FA}.Debug|Any CPU.Build.0 = Debug|Any CPU
		{9679B052-4EAE-4A3B-A006-247EBE9BA0FA}.Release|Any CPU.ActiveCfg = Release|Any CPU
		{9679B052-4EAE-4A3B-A006-247EBE9BA0FA}.Release|Any CPU.Build.0 = Release|Any CPU
		{4117788D-40E3-49D2-8489-9B4371BE1D51}.Debug|Any CPU.ActiveCfg = Debug|Any CPU
		{4117788D-40E3-49D2-8489-9B4371BE1D51}.Debug|Any CPU.Build.0 = Debug|Any CPU
		{4117788D-40E3-49D2-8489-9B4371BE1D51}.Release|Any CPU.ActiveCfg = Release|Any CPU
		{4117788D-40E3-49D2-8489-9B4371BE1D51}.Release|Any CPU.Build.0 = Release|Any CPU
		{94103736-9B73-4B88-97C3-F623583CA1F9}.Debug|Any CPU.ActiveCfg = Debug|Any CPU
		{94103736-9B73-4B88-97C3-F623583CA1F9}.Debug|Any CPU.Build.0 = Debug|Any CPU
		{94103736-9B73-4B88-97C3-F623583CA1F9}.Release|Any CPU.ActiveCfg = Release|Any CPU
		{94103736-9B73-4B88-97C3-F623583CA1F9}.Release|Any CPU.Build.0 = Release|Any CPU
		{4D4AF543-026D-4B39-9E84-954721AD159B}.Debug|Any CPU.ActiveCfg = Debug|Any CPU
		{4D4AF543-026D-4B39-9E84-954721AD159B}.Debug|Any CPU.Build.0 = Debug|Any CPU
		{4D4AF543-026D-4B39-9E84-954721AD159B}.Release|Any CPU.ActiveCfg = Release|Any CPU
		{4D4AF543-026D-4B39-9E84-954721AD159B}.Release|Any CPU.Build.0 = Release|Any CPU
		{B2AF1CF2-946D-42E0-B64C-8C62FD0F4EB7}.Debug|Any CPU.ActiveCfg = Debug|Any CPU
		{B2AF1CF2-946D-42E0-B64C-8C62FD0F4EB7}.Debug|Any CPU.Build.0 = Debug|Any CPU
		{B2AF1CF2-946D-42E0-B64C-8C62FD0F4EB7}.Release|Any CPU.ActiveCfg = Release|Any CPU
		{B2AF1CF2-946D-42E0-B64C-8C62FD0F4EB7}.Release|Any CPU.Build.0 = Release|Any CPU
		{0B6BF25A-41B5-40C1-9C0F-CF0ECE8F5D7C}.Debug|Any CPU.ActiveCfg = Debug|Any CPU
		{0B6BF25A-41B5-40C1-9C0F-CF0ECE8F5D7C}.Debug|Any CPU.Build.0 = Debug|Any CPU
		{0B6BF25A-41B5-40C1-9C0F-CF0ECE8F5D7C}.Release|Any CPU.ActiveCfg = Release|Any CPU
		{0B6BF25A-41B5-40C1-9C0F-CF0ECE8F5D7C}.Release|Any CPU.Build.0 = Release|Any CPU
		{01BA8A66-2511-4373-8513-184E9772122F}.Debug|Any CPU.ActiveCfg = Debug|Any CPU
		{01BA8A66-2511-4373-8513-184E9772122F}.Debug|Any CPU.Build.0 = Debug|Any CPU
		{01BA8A66-2511-4373-8513-184E9772122F}.Release|Any CPU.ActiveCfg = Release|Any CPU
		{01BA8A66-2511-4373-8513-184E9772122F}.Release|Any CPU.Build.0 = Release|Any CPU
	EndGlobalSection
	GlobalSection(SolutionProperties) = preSolution
		HideSolutionNode = FALSE
	EndGlobalSection
	GlobalSection(NestedProjects) = preSolution
		{723522E6-A30A-421E-86AA-A615BD85CBEB} = {34DA6AA9-971F-4B51-9B2B-63440D4C2741}
		{9679B052-4EAE-4A3B-A006-247EBE9BA0FA} = {34DA6AA9-971F-4B51-9B2B-63440D4C2741}
		{4117788D-40E3-49D2-8489-9B4371BE1D51} = {34DA6AA9-971F-4B51-9B2B-63440D4C2741}
		{94103736-9B73-4B88-97C3-F623583CA1F9} = {34DA6AA9-971F-4B51-9B2B-63440D4C2741}
		{4D4AF543-026D-4B39-9E84-954721AD159B} = {34DA6AA9-971F-4B51-9B2B-63440D4C2741}
		{B2AF1CF2-946D-42E0-B64C-8C62FD0F4EB7} = {34DA6AA9-971F-4B51-9B2B-63440D4C2741}
	EndGlobalSection
	GlobalSection(ExtensibilityGlobals) = postSolution
		SolutionGuid = {D13757F2-9733-4874-837A-9BE33F2F5B53}
	EndGlobalSection
EndGlobal
